
Microsoft Visual Studio Solution File, Format Version 12.00
# Visual Studio 15
VisualStudioVersion = 15.0.28010.2050
MinimumVisualStudioVersion = 10.0.40219.1
Project("{8BC9CEB8-8B4A-11D0-8D11-00A0C91BC942}") = "RandomIndexVectors", "RandomIndexVectors\RandomIndexVectors.vcxproj", "{37A30E4A-45D8-4AB2-B7E3-4F94DD3840EE}"
EndProject
Global
	GlobalSection(SolutionConfigurationPlatforms) = preSolution
		Debug|x64 = Debug|x64
		Debug|x86 = Debug|x86
		Release|x64 = Release|x64
		Release|x86 = Release|x86
	EndGlobalSection
	GlobalSection(ProjectConfigurationPlatforms) = postSolution
		{37A30E4A-45D8-4AB2-B7E3-4F94DD3840EE}.Debug|x64.ActiveCfg = Debug|x64
		{37A30E4A-45D8-4AB2-B7E3-4F94DD3840EE}.Debug|x64.Build.0 = Debug|x64
		{37A30E4A-45D8-4AB2-B7E3-4F94DD3840EE}.Debug|x86.ActiveCfg = Debug|Win32
		{37A30E4A-45D8-4AB2-B7E3-4F94DD3840EE}.Debug|x86.Build.0 = Debug|Win32
		{37A30E4A-45D8-4AB2-B7E3-4F94DD3840EE}.Release|x64.ActiveCfg = Release|x64
		{37A30E4A-45D8-4AB2-B7E3-4F94DD3840EE}.Release|x64.Build.0 = Release|x64
		{37A30E4A-45D8-4AB2-B7E3-4F94DD3840EE}.Release|x86.ActiveCfg = Release|Win32
		{37A30E4A-45D8-4AB2-B7E3-4F94DD3840EE}.Release|x86.Build.0 = Release|Win32
	EndGlobalSection
	GlobalSection(SolutionProperties) = preSolution
		HideSolutionNode = FALSE
	EndGlobalSection
	GlobalSection(ExtensibilityGlobals) = postSolution
		SolutionGuid = {A5BDD1A2-3C61-4FD5-8ABC-8F7675236DDA}
	EndGlobalSection
EndGlobal
